
Microsoft Visual Studio Solution File, Format Version 12.00
# Visual Studio Version 16
VisualStudioVersion = 25.0.1700.0
MinimumVisualStudioVersion = 10.0.40219.1
Project("{FAE04EC0-301F-11D3-BF4B-00C04F79EFBC}") = "MemoryGame", "MemoryGame\MemoryGame.csproj", "{7B4F5470-5291-4E61-818B-23CE3695034F}"
EndProject
Global
	GlobalSection(SolutionConfigurationPlatforms) = preSolution
		Debug|Any CPU = Debug|Any CPU
		Release|Any CPU = Release|Any CPU
	EndGlobalSection
	GlobalSection(ProjectConfigurationPlatforms) = postSolution
		{7B4F5470-5291-4E61-818B-23CE3695034F}.Debug|Any CPU.ActiveCfg = Debug|Any CPU
		{7B4F5470-5291-4E61-818B-23CE3695034F}.Debug|Any CPU.Build.0 = Debug|Any CPU
		{7B4F5470-5291-4E61-818B-23CE3695034F}.Release|Any CPU.ActiveCfg = Release|Any CPU
		{7B4F5470-5291-4E61-818B-23CE3695034F}.Release|Any CPU.Build.0 = Release|Any CPU
	EndGlobalSection
	GlobalSection(SolutionProperties) = preSolution
		HideSolutionNode = FALSE
	EndGlobalSection
	GlobalSection(ExtensibilityGlobals) = postSolution
		SolutionGuid = {FE5DD1C1-18A3-4976-BBBB-9FA913AD9576}
	EndGlobalSection
EndGlobal
